
Microsoft Visual Studio Solution File, Format Version 12.00
# Visual Studio 15
VisualStudioVersion = 15.0.28307.902
MinimumVisualStudioVersion = 10.0.40219.1
Project("{8BC9CEB8-8B4A-11D0-8D11-00A0C91BC942}") = "Hypocycloid Gear", "Hypocycloid Gear.vcxproj", "{D7CBB035-8CC0-4576-9C72-5076E079586B}"
EndProject
Project("{2150E333-8FDC-42A3-9474-1A3956D46DE8}") = "Solution Items", "Solution Items", "{30ADFC2E-00EC-4113-B15C-5D0D46097B86}"
	ProjectSection(SolutionItems) = preProject
		Hypocycloid Gear.cpp = Hypocycloid Gear.cpp
	EndProjectSection
EndProject
Global
	GlobalSection(SolutionConfigurationPlatforms) = preSolution
		Debug|x64 = Debug|x64
		Release|x64 = Release|x64
		Description = RKK's hypocycloid gear generator for fusion 360
	EndGlobalSection
	GlobalSection(ProjectConfigurationPlatforms) = postSolution
		{D7CBB035-8CC0-4576-9C72-5076E079586B}.Debug|x64.ActiveCfg = Debug|x64
		{D7CBB035-8CC0-4576-9C72-5076E079586B}.Debug|x64.Build.0 = Debug|x64
		{D7CBB035-8CC0-4576-9C72-5076E079586B}.Release|x64.ActiveCfg = Release|x64
		{D7CBB035-8CC0-4576-9C72-5076E079586B}.Release|x64.Build.0 = Release|x64
	EndGlobalSection
	GlobalSection(SolutionProperties) = preSolution
		HideSolutionNode = FALSE
	EndGlobalSection
	GlobalSection(ExtensibilityGlobals) = postSolution
		SolutionGuid = {36B321EC-A04B-414C-887A-035F6AA3A245}
	EndGlobalSection
EndGlobal
